hash: bfa1fd36ed45b188aa049b1b7adcc0f9d7bf6c5b2738902c8ab2a19749a505bb
updated: 2017-11-30T00:48:09.973959Z
imports:
- name: github.com/abcum/bump
  version: 8c43cce06105894a9b74f89a79ca62ba8e365cf7
testImports:
- name: github.com/gopherjs/gopherjs
  version: 444abdf920945de5d4a977b572bcc6c674d1e4eb
  subpackages:
  - js
- name: github.com/jtolds/gls
  version: 77f18212c9c7edc9bd6a33d383a7b545ce62f064
- name: github.com/smartystreets/assertions
  version: 0b37b35ec7434b77e77a4bb29b79677cced992ea
  subpackages:
  - internal/go-render/render
  - internal/oglematchers
- name: github.com/smartystreets/goconvey
  version: 9e8dc3f972df6c8fcc0375ef492c24d0bb204857
  subpackages:
  - convey
  - convey/gotest
  - convey/reporting
- name: github.com/ugorji/go
  version: 14c9063c18427f21537bc9da3d15cfb0ed3c61c0
  subpackages:
  - codec
