hash: 0c05c7875e82cfcce892913544c4e71c898fc71131a0330b4fdc8d261ff9c06e
updated: 2016-10-06T14:03:00.217362639+01:00
imports: []
testImports:
- name: github.com/gopherjs/gopherjs
  version: 45518c130e5bd1525f20110830a4986365a153de
  subpackages:
  - js
- name: github.com/jtolds/gls
  version: 8ddce2a84170772b95dd5d576c48d517b22cac63
- name: github.com/smartystreets/assertions
  version: 2063fd1cc7c975db70502811a34b06ad034ccdf2
  subpackages:
  - internal/go-render/render
  - internal/oglematchers
- name: github.com/smartystreets/goconvey
  version: d4c757aa9afd1e2fc1832aaab209b5794eb336e1
  subpackages:
  - convey
  - convey/gotest
  - convey/reporting
